// !$*UTF8*$!
{
	archiveVersion = 1;
	classes = {
	};
	objectVersion = 56;
	objects = {

/* Begin PBXBuildFile section */
		734930552B0F100200EFEA6A /* AppDelegate.swift in Sources */ = {isa = PBXBuildFile; fileRef = 734930542B0F100200EFEA6A /* AppDelegate.swift */; };
		734930572B0F100200EFEA6A /* SceneDelegate.swift in Sources */ = {isa = PBXBuildFile; fileRef = 734930562B0F100200EFEA6A /* SceneDelegate.swift */; };
		734930592B0F100200EFEA6A /* ViewController.swift in Sources */ = {isa = PBXBuildFile; fileRef = 734930582B0F100200EFEA6A /* ViewController.swift */; };
		7349305E2B0F100400EFEA6A /* Assets.xcassets in Resources */ = {isa = PBXBuildFile; fileRef = 7349305D2B0F100400EFEA6A /* Assets.xcassets */; };
		734930612B0F100400EFEA6A /* LaunchScreen.storyboard in Resources */ = {isa = PBXBuildFile; fileRef = 7349305F2B0F100400EFEA6A /* LaunchScreen.storyboard */; };
		73BC6C1F2B0F3C6000156B08 /* AddDiaryView.swift in Sources */ = {isa = PBXBuildFile; fileRef = 73BC6C1E2B0F3C5F00156B08 /* AddDiaryView.swift */; };
		73BC6C382B0F3D3800156B08 /* DiaryViewModel.swift in Sources */ = {isa = PBXBuildFile; fileRef = 73BC6C202B0F3D3800156B08 /* DiaryViewModel.swift */; };
		73BC6C3A2B0F3D3800156B08 /* FMDatabase.m in Sources */ = {isa = PBXBuildFile; fileRef = 73BC6C252B0F3D3800156B08 /* FMDatabase.m */; };
		73BC6C3C2B0F3D3800156B08 /* FMDatabasePool.m in Sources */ = {isa = PBXBuildFile; fileRef = 73BC6C282B0F3D3800156B08 /* FMDatabasePool.m */; };
		73BC6C3E2B0F3D3800156B08 /* FMResultSet.m in Sources */ = {isa = PBXBuildFile; fileRef = 73BC6C2A2B0F3D3800156B08 /* FMResultSet.m */; };
		73BC6C452B0F3D3800156B08 /* FMDatabaseAdditions.m in Sources */ = {isa = PBXBuildFile; fileRef = 73BC6C332B0F3D3800156B08 /* FMDatabaseAdditions.m */; };
		73BC6C462B0F3D3800156B08 /* FMDatabaseQueue.m in Sources */ = {isa = PBXBuildFile; fileRef = 73BC6C352B0F3D3800156B08 /* FMDatabaseQueue.m */; };
		73C38A0D2B0F3F9C007400F3 /* TableView.swift in Sources */ = {isa = PBXBuildFile; fileRef = 5A5FDA042B0F124100EBDC21 /* TableView.swift */; };
		73C38A0E2B0F3F9C007400F3 /* Preview.swift in Sources */ = {isa = PBXBuildFile; fileRef = 5A5FDA062B0F137500EBDC21 /* Preview.swift */; };
		73C38A0F2B0F3F9C007400F3 /* DiaryCell.swift in Sources */ = {isa = PBXBuildFile; fileRef = 5A5FDA082B0F159100EBDC21 /* DiaryCell.swift */; };
		73C38A102B0F3F9C007400F3 /* DiaryModel.swift in Sources */ = {isa = PBXBuildFile; fileRef = 5A5FDA0A2B0F26D500EBDC21 /* DiaryModel.swift */; };
		73C38A122B0F3F9C007400F3 /* FMDatabase.h in Sources */ = {isa = PBXBuildFile; fileRef = 73BC6C272B0F3D3800156B08 /* FMDatabase.h */; };
		73C38A132B0F3F9C007400F3 /* FMDatabaseAdditions.h in Sources */ = {isa = PBXBuildFile; fileRef = 73BC6C232B0F3D3800156B08 /* FMDatabaseAdditions.h */; };
		73C38A142B0F3F9C007400F3 /* FMDatabasePool.h in Sources */ = {isa = PBXBuildFile; fileRef = 73BC6C342B0F3D3800156B08 /* FMDatabasePool.h */; };
		73C38A152B0F3F9C007400F3 /* FMDatabaseQueue.h in Sources */ = {isa = PBXBuildFile; fileRef = 73BC6C2D2B0F3D3800156B08 /* FMDatabaseQueue.h */; };
		73C38A162B0F3F9C007400F3 /* FMDB.h in Sources */ = {isa = PBXBuildFile; fileRef = 73BC6C212B0F3D3800156B08 /* FMDB.h */; };
		73C38A172B0F3F9C007400F3 /* FMResultSet.h in Sources */ = {isa = PBXBuildFile; fileRef = 73BC6C2E2B0F3D3800156B08 /* FMResultSet.h */; };
		73C38A182B0F3F9C007400F3 /* Team2_DiaryList-Bridging-Header.h in Sources */ = {isa = PBXBuildFile; fileRef = 73BC6C242B0F3D3800156B08 /* Team2_DiaryList-Bridging-Header.h */; };
/* End PBXBuildFile section */

/* Begin PBXFileReference section */
		5A5FDA042B0F124100EBDC21 /* TableView.swift */ = {isa = PBXFileReference; lastKnownFileType = sourcecode.swift; path = TableView.swift; sourceTree = "<group>"; };
		5A5FDA062B0F137500EBDC21 /* Preview.swift */ = {isa = PBXFileReference; lastKnownFileType = sourcecode.swift; path = Preview.swift; sourceTree = "<group>"; };
		5A5FDA082B0F159100EBDC21 /* DiaryCell.swift */ = {isa = PBXFileReference; lastKnownFileType = sourcecode.swift; path = DiaryCell.swift; sourceTree = "<group>"; };
		5A5FDA0A2B0F26D500EBDC21 /* DiaryModel.swift */ = {isa = PBXFileReference; lastKnownFileType = sourcecode.swift; path = DiaryModel.swift; sourceTree = "<group>"; };
		734930512B0F100200EFEA6A /* Team2_DiaryList.app */ = {isa = PBXFileReference; explicitFileType = wrapper.application; includeInIndex = 0; path = Team2_DiaryList.app; sourceTree = BUILT_PRODUCTS_DIR; };
		734930542B0F100200EFEA6A /* AppDelegate.swift */ = {isa = PBXFileReference; lastKnownFileType = sourcecode.swift; path = AppDelegate.swift; sourceTree = "<group>"; };
		734930562B0F100200EFEA6A /* SceneDelegate.swift */ = {isa = PBXFileReference; lastKnownFileType = sourcecode.swift; path = SceneDelegate.swift; sourceTree = "<group>"; };
		734930582B0F100200EFEA6A /* ViewController.swift */ = {isa = PBXFileReference; lastKnownFileType = sourcecode.swift; path = ViewController.swift; sourceTree = "<group>"; };
		7349305D2B0F100400EFEA6A /* Assets.xcassets */ = {isa = PBXFileReference; lastKnownFileType = folder.assetcatalog; path = Assets.xcassets; sourceTree = "<group>"; };
		734930602B0F100400EFEA6A /* Base */ = {isa = PBXFileReference; lastKnownFileType = file.storyboard; name = Base; path = Base.lproj/LaunchScreen.storyboard; sourceTree = "<group>"; };
		734930622B0F100400EFEA6A /* Info.plist */ = {isa = PBXFileReference; lastKnownFileType = text.plist.xml; path = Info.plist; sourceTree = "<group>"; };
		73BC6C1E2B0F3C5F00156B08 /* AddDiaryView.swift */ = {isa = PBXFileReference; fileEncoding = 4; lastKnownFileType = sourcecode.swift; path = AddDiaryView.swift; sourceTree = "<group>"; };
		73BC6C202B0F3D3800156B08 /* DiaryViewModel.swift */ = {isa = PBXFileReference; fileEncoding = 4; lastKnownFileType = sourcecode.swift; path = DiaryViewModel.swift; sourceTree = "<group>"; };
		73BC6C212B0F3D3800156B08 /* FMDB.h */ = {isa = PBXFileReference; fileEncoding = 4; lastKnownFileType = sourcecode.c.h; path = FMDB.h; sourceTree = "<group>"; };
		73BC6C232B0F3D3800156B08 /* FMDatabaseAdditions.h */ = {isa = PBXFileReference; fileEncoding = 4; lastKnownFileType = sourcecode.c.h; path = FMDatabaseAdditions.h; sourceTree = "<group>"; };
		73BC6C242B0F3D3800156B08 /* Team2_DiaryList-Bridging-Header.h */ = {isa = PBXFileReference; fileEncoding = 4; lastKnownFileType = sourcecode.c.h; path = "Team2_DiaryList-Bridging-Header.h"; sourceTree = "<group>"; };
		73BC6C252B0F3D3800156B08 /* FMDatabase.m */ = {isa = PBXFileReference; fileEncoding = 4; lastKnownFileType = sourcecode.c.objc; path = FMDatabase.m; sourceTree = "<group>"; };
		73BC6C272B0F3D3800156B08 /* FMDatabase.h */ = {isa = PBXFileReference; fileEncoding = 4; lastKnownFileType = sourcecode.c.h; path = FMDatabase.h; sourceTree = "<group>"; };
		73BC6C282B0F3D3800156B08 /* FMDatabasePool.m */ = {isa = PBXFileReference; fileEncoding = 4; lastKnownFileType = sourcecode.c.objc; path = FMDatabasePool.m; sourceTree = "<group>"; };
		73BC6C2A2B0F3D3800156B08 /* FMResultSet.m */ = {isa = PBXFileReference; fileEncoding = 4; lastKnownFileType = sourcecode.c.objc; path = FMResultSet.m; sourceTree = "<group>"; };
		73BC6C2D2B0F3D3800156B08 /* FMDatabaseQueue.h */ = {isa = PBXFileReference; fileEncoding = 4; lastKnownFileType = sourcecode.c.h; path = FMDatabaseQueue.h; sourceTree = "<group>"; };
		73BC6C2E2B0F3D3800156B08 /* FMResultSet.h */ = {isa = PBXFileReference; fileEncoding = 4; lastKnownFileType = sourcecode.c.h; path = FMResultSet.h; sourceTree = "<group>"; };
		73BC6C332B0F3D3800156B08 /* FMDatabaseAdditions.m */ = {isa = PBXFileReference; fileEncoding = 4; lastKnownFileType = sourcecode.c.objc; path = FMDatabaseAdditions.m; sourceTree = "<group>"; };
		73BC6C342B0F3D3800156B08 /* FMDatabasePool.h */ = {isa = PBXFileReference; fileEncoding = 4; lastKnownFileType = sourcecode.c.h; path = FMDatabasePool.h; sourceTree = "<group>"; };
		73BC6C352B0F3D3800156B08 /* FMDatabaseQueue.m */ = {isa = PBXFileReference; fileEncoding = 4; lastKnownFileType = sourcecode.c.objc; path = FMDatabaseQueue.m; sourceTree = "<group>"; };
/* End PBXFileReference section */

/* Begin PBXFrameworksBuildPhase section */
		7349304E2B0F100200EFEA6A /* Frameworks */ = {
			isa = PBXFrameworksBuildPhase;
			buildActionMask = 2147483647;
			files = (
			);
			runOnlyForDeploymentPostprocessing = 0;
		};
/* End PBXFrameworksBuildPhase section */

/* Begin PBXGroup section */
		5CE7211B2B0F2FA000199A58 /* Frameworks */ = {
			isa = PBXGroup;
			children = (
			);
			name = Frameworks;
			sourceTree = "<group>";
		};
		734930482B0F100200EFEA6A = {
			isa = PBXGroup;
			children = (
				734930532B0F100200EFEA6A /* Team2_DiaryList */,
				734930522B0F100200EFEA6A /* Products */,
				5CE7211B2B0F2FA000199A58 /* Frameworks */,
				73BC6C1D2B0F3C3F00156B08 /* Recovered References */,
			);
			sourceTree = "<group>";
		};
		734930522B0F100200EFEA6A /* Products */ = {
			isa = PBXGroup;
			children = (
				734930512B0F100200EFEA6A /* Team2_DiaryList.app */,
			);
			name = Products;
			sourceTree = "<group>";
		};
		734930532B0F100200EFEA6A /* Team2_DiaryList */ = {
			isa = PBXGroup;
			children = (
				734930542B0F100200EFEA6A /* AppDelegate.swift */,
				734930562B0F100200EFEA6A /* SceneDelegate.swift */,
				734930582B0F100200EFEA6A /* ViewController.swift */,
				5A5FDA042B0F124100EBDC21 /* TableView.swift */,
				5A5FDA082B0F159100EBDC21 /* DiaryCell.swift */,
				73BC6C1E2B0F3C5F00156B08 /* AddDiaryView.swift */,
				73BC6C202B0F3D3800156B08 /* DiaryViewModel.swift */,
				5A5FDA0A2B0F26D500EBDC21 /* DiaryModel.swift */,
				7349305D2B0F100400EFEA6A /* Assets.xcassets */,
				7349305F2B0F100400EFEA6A /* LaunchScreen.storyboard */,
				734930622B0F100400EFEA6A /* Info.plist */,
				73BC6C272B0F3D3800156B08 /* FMDatabase.h */,
				73BC6C252B0F3D3800156B08 /* FMDatabase.m */,
				73BC6C232B0F3D3800156B08 /* FMDatabaseAdditions.h */,
				73BC6C332B0F3D3800156B08 /* FMDatabaseAdditions.m */,
				73BC6C342B0F3D3800156B08 /* FMDatabasePool.h */,
				73BC6C282B0F3D3800156B08 /* FMDatabasePool.m */,
				73BC6C2D2B0F3D3800156B08 /* FMDatabaseQueue.h */,
				73BC6C352B0F3D3800156B08 /* FMDatabaseQueue.m */,
				73BC6C212B0F3D3800156B08 /* FMDB.h */,
				73BC6C2E2B0F3D3800156B08 /* FMResultSet.h */,
				73BC6C2A2B0F3D3800156B08 /* FMResultSet.m */,
				73BC6C242B0F3D3800156B08 /* Team2_DiaryList-Bridging-Header.h */,
				5A5FDA062B0F137500EBDC21 /* Preview.swift */,
			);
			path = Team2_DiaryList;
			sourceTree = "<group>";
		};
		73BC6C1D2B0F3C3F00156B08 /* Recovered References */ = {
			isa = PBXGroup;
			children = (
			);
			name = "Recovered References";
			sourceTree = "<group>";
		};
/* End PBXGroup section */

/* Begin PBXNativeTarget section */
		734930502B0F100200EFEA6A /* Team2_DiaryList */ = {
			isa = PBXNativeTarget;
			buildConfigurationList = 734930652B0F100400EFEA6A /* Build configuration list for PBXNativeTarget "Team2_DiaryList" */;
			buildPhases = (
				7349304D2B0F100200EFEA6A /* Sources */,
				7349304E2B0F100200EFEA6A /* Frameworks */,
				7349304F2B0F100200EFEA6A /* Resources */,
			);
			buildRules = (
			);
			dependencies = (
			);
			name = Team2_DiaryList;
			productName = Team2_DiaryList;
			productReference = 734930512B0F100200EFEA6A /* Team2_DiaryList.app */;
			productType = "com.apple.product-type.application";
		};
/* End PBXNativeTarget section */

/* Begin PBXProject section */
		734930492B0F100200EFEA6A /* Project object */ = {
			isa = PBXProject;
			attributes = {
				BuildIndependentTargetsInParallel = 1;
				LastSwiftUpdateCheck = 1500;
				LastUpgradeCheck = 1500;
				TargetAttributes = {
					734930502B0F100200EFEA6A = {
						CreatedOnToolsVersion = 15.0;
						LastSwiftMigration = 1500;
					};
				};
			};
			buildConfigurationList = 7349304C2B0F100200EFEA6A /* Build configuration list for PBXProject "Team2_DiaryList" */;
			compatibilityVersion = "Xcode 14.0";
			developmentRegion = en;
			hasScannedForEncodings = 0;
			knownRegions = (
				en,
				Base,
			);
			mainGroup = 734930482B0F100200EFEA6A;
			productRefGroup = 734930522B0F100200EFEA6A /* Products */;
			projectDirPath = "";
			projectRoot = "";
			targets = (
				734930502B0F100200EFEA6A /* Team2_DiaryList */,
			);
		};
/* End PBXProject section */

/* Begin PBXResourcesBuildPhase section */
		7349304F2B0F100200EFEA6A /* Resources */ = {
			isa = PBXResourcesBuildPhase;
			buildActionMask = 2147483647;
			files = (
				734930612B0F100400EFEA6A /* LaunchScreen.storyboard in Resources */,
				7349305E2B0F100400EFEA6A /* Assets.xcassets in Resources */,
			);
			runOnlyForDeploymentPostprocessing = 0;
		};
/* End PBXResourcesBuildPhase section */

/* Begin PBXSourcesBuildPhase section */
		7349304D2B0F100200EFEA6A /* Sources */ = {
			isa = PBXSourcesBuildPhase;
			buildActionMask = 2147483647;
			files = (
				73C38A0D2B0F3F9C007400F3 /* TableView.swift in Sources */,
				73C38A0E2B0F3F9C007400F3 /* Preview.swift in Sources */,
				73C38A0F2B0F3F9C007400F3 /* DiaryCell.swift in Sources */,
				73C38A102B0F3F9C007400F3 /* DiaryModel.swift in Sources */,
				73C38A122B0F3F9C007400F3 /* FMDatabase.h in Sources */,
				73C38A132B0F3F9C007400F3 /* FMDatabaseAdditions.h in Sources */,
				73C38A142B0F3F9C007400F3 /* FMDatabasePool.h in Sources */,
				73C38A152B0F3F9C007400F3 /* FMDatabaseQueue.h in Sources */,
				73C38A162B0F3F9C007400F3 /* FMDB.h in Sources */,
				73C38A172B0F3F9C007400F3 /* FMResultSet.h in Sources */,
				73C38A182B0F3F9C007400F3 /* Team2_DiaryList-Bridging-Header.h in Sources */,
				73BC6C1F2B0F3C6000156B08 /* AddDiaryView.swift in Sources */,
				734930592B0F100200EFEA6A /* ViewController.swift in Sources */,
				73BC6C462B0F3D3800156B08 /* FMDatabaseQueue.m in Sources */,
				734930552B0F100200EFEA6A /* AppDelegate.swift in Sources */,
				734930572B0F100200EFEA6A /* SceneDelegate.swift in Sources */,
				73BC6C382B0F3D3800156B08 /* DiaryViewModel.swift in Sources */,
				73BC6C3E2B0F3D3800156B08 /* FMResultSet.m in Sources */,
				73BC6C3C2B0F3D3800156B08 /* FMDatabasePool.m in Sources */,
				73BC6C452B0F3D3800156B08 /* FMDatabaseAdditions.m in Sources */,
				73BC6C3A2B0F3D3800156B08 /* FMDatabase.m in Sources */,
			);
			runOnlyForDeploymentPostprocessing = 0;
		};
/* End PBXSourcesBuildPhase section */

/* Begin PBXVariantGroup section */
		7349305F2B0F100400EFEA6A /* LaunchScreen.storyboard */ = {
			isa = PBXVariantGroup;
			children = (
				734930602B0F100400EFEA6A /* Base */,
			);
			name = LaunchScreen.storyboard;
			sourceTree = "<group>";
		};
/* End PBXVariantGroup section */

/* Begin XCBuildConfiguration section */
		734930632B0F100400EFEA6A /* Debug */ = {
			isa = XCBuildConfiguration;
			buildSettings = {
				ALWAYS_SEARCH_USER_PATHS = NO;
				ASSETCATALOG_COMPILER_GENERATE_SWIFT_ASSET_SYMBOL_EXTENSIONS = YES;
				CLANG_ANALYZER_NONNULL = YES;
				CLANG_ANALYZER_NUMBER_OBJECT_CONVERSION = YES_AGGRESSIVE;
				CLANG_CXX_LANGUAGE_STANDARD = "gnu++20";
				CLANG_ENABLE_MODULES = YES;
				CLANG_ENABLE_OBJC_ARC = YES;
				CLANG_ENABLE_OBJC_WEAK = YES;
				CLANG_WARN_BLOCK_CAPTURE_AUTORELEASING = YES;
				CLANG_WARN_BOOL_CONVERSION = YES;
				CLANG_WARN_COMMA = YES;
				CLANG_WARN_CONSTANT_CONVERSION = YES;
				CLANG_WARN_DEPRECATED_OBJC_IMPLEMENTATIONS = YES;
				CLANG_WARN_DIRECT_OBJC_ISA_USAGE = YES_ERROR;
				CLANG_WARN_DOCUMENTATION_COMMENTS = YES;
				CLANG_WARN_EMPTY_BODY = YES;
				CLANG_WARN_ENUM_CONVERSION = YES;
				CLANG_WARN_INFINITE_RECURSION = YES;
				CLANG_WARN_INT_CONVERSION = YES;
				CLANG_WARN_NON_LITERAL_NULL_CONVERSION = YES;
				CLANG_WARN_OBJC_IMPLICIT_RETAIN_SELF = YES;
				CLANG_WARN_OBJC_LITERAL_CONVERSION = YES;
				CLANG_WARN_OBJC_ROOT_CLASS = YES_ERROR;
				CLANG_WARN_QUOTED_INCLUDE_IN_FRAMEWORK_HEADER = YES;
				CLANG_WARN_RANGE_LOOP_ANALYSIS = YES;
				CLANG_WARN_STRICT_PROTOTYPES = YES;
				CLANG_WARN_SUSPICIOUS_MOVE = YES;
				CLANG_WARN_UNGUARDED_AVAILABILITY = YES_AGGRESSIVE;
				CLANG_WARN_UNREACHABLE_CODE = YES;
				CLANG_WARN__DUPLICATE_METHOD_MATCH = YES;
				COPY_PHASE_STRIP = NO;
				DEBUG_INFORMATION_FORMAT = dwarf;
				ENABLE_STRICT_OBJC_MSGSEND = YES;
				ENABLE_TESTABILITY = YES;
				ENABLE_USER_SCRIPT_SANDBOXING = YES;
				GCC_C_LANGUAGE_STANDARD = gnu17;
				GCC_DYNAMIC_NO_PIC = NO;
				GCC_NO_COMMON_BLOCKS = YES;
				GCC_OPTIMIZATION_LEVEL = 0;
				GCC_PREPROCESSOR_DEFINITIONS = (
					"DEBUG=1",
					"$(inherited)",
				);
				GCC_WARN_64_TO_32_BIT_CONVERSION = YES;
				GCC_WARN_ABOUT_RETURN_TYPE = YES_ERROR;
				GCC_WARN_UNDECLARED_SELECTOR = YES;
				GCC_WARN_UNINITIALIZED_AUTOS = YES_AGGRESSIVE;
				GCC_WARN_UNUSED_FUNCTION = YES;
				GCC_WARN_UNUSED_VARIABLE = YES;
				IPHONEOS_DEPLOYMENT_TARGET = 16.4;
				LOCALIZATION_PREFERS_STRING_CATALOGS = YES;
				MTL_ENABLE_DEBUG_INFO = INCLUDE_SOURCE;
				MTL_FAST_MATH = YES;
				ONLY_ACTIVE_ARCH = YES;
				SDKROOT = iphoneos;
				SWIFT_ACTIVE_COMPILATION_CONDITIONS = "DEBUG $(inherited)";
				SWIFT_OPTIMIZATION_LEVEL = "-Onone";
			};
			name = Debug;
		};
		734930642B0F100400EFEA6A /* Release */ = {
			isa = XCBuildConfiguration;
			buildSettings = {
				ALWAYS_SEARCH_USER_PATHS = NO;
				ASSETCATALOG_COMPILER_GENERATE_SWIFT_ASSET_SYMBOL_EXTENSIONS = YES;
				CLANG_ANALYZER_NONNULL = YES;
				CLANG_ANALYZER_NUMBER_OBJECT_CONVERSION = YES_AGGRESSIVE;
				CLANG_CXX_LANGUAGE_STANDARD = "gnu++20";
				CLANG_ENABLE_MODULES = YES;
				CLANG_ENABLE_OBJC_ARC = YES;
				CLANG_ENABLE_OBJC_WEAK = YES;
				CLANG_WARN_BLOCK_CAPTURE_AUTORELEASING = YES;
				CLANG_WARN_BOOL_CONVERSION = YES;
				CLANG_WARN_COMMA = YES;
				CLANG_WARN_CONSTANT_CONVERSION = YES;
				CLANG_WARN_DEPRECATED_OBJC_IMPLEMENTATIONS = YES;
				CLANG_WARN_DIRECT_OBJC_ISA_USAGE = YES_ERROR;
				CLANG_WARN_DOCUMENTATION_COMMENTS = YES;
				CLANG_WARN_EMPTY_BODY = YES;
				CLANG_WARN_ENUM_CONVERSION = YES;
				CLANG_WARN_INFINITE_RECURSION = YES;
				CLANG_WARN_INT_CONVERSION = YES;
				CLANG_WARN_NON_LITERAL_NULL_CONVERSION = YES;
				CLANG_WARN_OBJC_IMPLICIT_RETAIN_SELF = YES;
				CLANG_WARN_OBJC_LITERAL_CONVERSION = YES;
				CLANG_WARN_OBJC_ROOT_CLASS = YES_ERROR;
				CLANG_WARN_QUOTED_INCLUDE_IN_FRAMEWORK_HEADER = YES;
				CLANG_WARN_RANGE_LOOP_ANALYSIS = YES;
				CLANG_WARN_STRICT_PROTOTYPES = YES;
				CLANG_WARN_SUSPICIOUS_MOVE = YES;
				CLANG_WARN_UNGUARDED_AVAILABILITY = YES_AGGRESSIVE;
				CLANG_WARN_UNREACHABLE_CODE = YES;
				CLANG_WARN__DUPLICATE_METHOD_MATCH = YES;
				COPY_PHASE_STRIP = NO;
				DEBUG_INFORMATION_FORMAT = "dwarf-with-dsym";
				ENABLE_NS_ASSERTIONS = NO;
				ENABLE_STRICT_OBJC_MSGSEND = YES;
				ENABLE_USER_SCRIPT_SANDBOXING = YES;
				GCC_C_LANGUAGE_STANDARD = gnu17;
				GCC_NO_COMMON_BLOCKS = YES;
				GCC_WARN_64_TO_32_BIT_CONVERSION = YES;
				GCC_WARN_ABOUT_RETURN_TYPE = YES_ERROR;
				GCC_WARN_UNDECLARED_SELECTOR = YES;
				GCC_WARN_UNINITIALIZED_AUTOS = YES_AGGRESSIVE;
				GCC_WARN_UNUSED_FUNCTION = YES;
				GCC_WARN_UNUSED_VARIABLE = YES;
				IPHONEOS_DEPLOYMENT_TARGET = 16.4;
				LOCALIZATION_PREFERS_STRING_CATALOGS = YES;
				MTL_ENABLE_DEBUG_INFO = NO;
				MTL_FAST_MATH = YES;
				SDKROOT = iphoneos;
				SWIFT_COMPILATION_MODE = wholemodule;
				VALIDATE_PRODUCT = YES;
			};
			name = Release;
		};
		734930662B0F100400EFEA6A /* Debug */ = {
			isa = XCBuildConfiguration;
			buildSettings = {
				ASSETCATALOG_COMPILER_APPICON_NAME = AppIcon;
				ASSETCATALOG_COMPILER_GLOBAL_ACCENT_COLOR_NAME = AccentColor;
				CLANG_ENABLE_MODULES = YES;
				CODE_SIGN_STYLE = Automatic;
				CURRENT_PROJECT_VERSION = 1;
				GENERATE_INFOPLIST_FILE = YES;
				INFOPLIST_FILE = Team2_DiaryList/Info.plist;
				INFOPLIST_KEY_UIApplicationSupportsIndirectInputEvents = YES;
				INFOPLIST_KEY_UILaunchStoryboardName = LaunchScreen;
				INFOPLIST_KEY_UIMainStoryboardFile = "";
				INFOPLIST_KEY_UISupportedInterfaceOrientations_iPad = "UIInterfaceOrientationPortrait UIInterfaceOrientationPortraitUpsideDown UIInterfaceOrientationLandscapeLeft UIInterfaceOrientationLandscapeRight";
				INFOPLIST_KEY_UISupportedInterfaceOrientations_iPhone = "UIInterfaceOrientationPortrait UIInterfaceOrientationLandscapeLeft UIInterfaceOrientationLandscapeRight";
				LD_RUNPATH_SEARCH_PATHS = (
					"$(inherited)",
					"@executable_path/Frameworks",
				);
				MARKETING_VERSION = 1.0;
				PRODUCT_BUNDLE_IDENTIFIER = "jooyoung.Team2-DiaryList";
				PRODUCT_NAME = "$(TARGET_NAME)";
				SWIFT_EMIT_LOC_STRINGS = YES;
				SWIFT_OBJC_BRIDGING_HEADER = "Team2_DiaryList/Team2_DiaryList-Bridging-Header.h";
				SWIFT_OPTIMIZATION_LEVEL = "-Onone";
				SWIFT_VERSION = 5.0;
				TARGETED_DEVICE_FAMILY = "1,2";
			};
			name = Debug;
		};
		734930672B0F100400EFEA6A /* Release */ = {
			isa = XCBuildConfiguration;
			buildSettings = {
				ASSETCATALOG_COMPILER_APPICON_NAME = AppIcon;
				ASSETCATALOG_COMPILER_GLOBAL_ACCENT_COLOR_NAME = AccentColor;
				CLANG_ENABLE_MODULES = YES;
				CODE_SIGN_STYLE = Automatic;
				CURRENT_PROJECT_VERSION = 1;
				GENERATE_INFOPLIST_FILE = YES;
				INFOPLIST_FILE = Team2_DiaryList/Info.plist;
				INFOPLIST_KEY_UIApplicationSupportsIndirectInputEvents = YES;
				INFOPLIST_KEY_UILaunchStoryboardName = LaunchScreen;
				INFOPLIST_KEY_UIMainStoryboardFile = "";
				INFOPLIST_KEY_UISupportedInterfaceOrientations_iPad = "UIInterfaceOrientationPortrait UIInterfaceOrientationPortraitUpsideDown UIInterfaceOrientationLandscapeLeft UIInterfaceOrientationLandscapeRight";
				INFOPLIST_KEY_UISupportedInterfaceOrientations_iPhone = "UIInterfaceOrientationPortrait UIInterfaceOrientationLandscapeLeft UIInterfaceOrientationLandscapeRight";
				LD_RUNPATH_SEARCH_PATHS = (
					"$(inherited)",
					"@executable_path/Frameworks",
				);
				MARKETING_VERSION = 1.0;
				PRODUCT_BUNDLE_IDENTIFIER = "jooyoung.Team2-DiaryList";
				PRODUCT_NAME = "$(TARGET_NAME)";
				SWIFT_EMIT_LOC_STRINGS = YES;
				SWIFT_OBJC_BRIDGING_HEADER = "Team2_DiaryList/Team2_DiaryList-Bridging-Header.h";
				SWIFT_VERSION = 5.0;
				TARGETED_DEVICE_FAMILY = "1,2";
			};
			name = Release;
		};
/* End XCBuildConfiguration section */

/* Begin XCConfigurationList section */
		7349304C2B0F100200EFEA6A /* Build configuration list for PBXProject "Team2_DiaryList" */ = {
			isa = XCConfigurationList;
			buildConfigurations = (
				734930632B0F100400EFEA6A /* Debug */,
				734930642B0F100400EFEA6A /* Release */,
			);
			defaultConfigurationIsVisible = 0;
			defaultConfigurationName = Release;
		};
		734930652B0F100400EFEA6A /* Build configuration list for PBXNativeTarget "Team2_DiaryList" */ = {
			isa = XCConfigurationList;
			buildConfigurations = (
				734930662B0F100400EFEA6A /* Debug */,
				734930672B0F100400EFEA6A /* Release */,
			);
			defaultConfigurationIsVisible = 0;
			defaultConfigurationName = Release;
		};
/* End XCConfigurationList section */
	};
	rootObject = 734930492B0F100200EFEA6A /* Project object */;
}
